<?xml version="1.0" encoding="utf-8"?>
<Project ToolsVersion="4.0" xmlns="http://schemas.microsoft.com/developer/msbuild/2003">
  <ItemGroup>
    <Filter Include="Source Files">
      <UniqueIdentifier>{4FC737F1-C7A5-4376-A066-2A32D752A2FF}</UniqueIdentifier>
      <Extensions>cpp;c;cc;cxx;def;odl;idl;hpj;bat;asm;asmx</Extensions>
    </Filter>
    <Filter Include="Header Files">
      <UniqueIdentifier>{93995380-89BD-4b04-88EB-625FBE52EBFB}</UniqueIdentifier>
      <Extensions>h;hh;hpp;hxx;hm;inl;inc;xsd</Extensions>
    </Filter>
    <Filter Include="Resource Files">
      <UniqueIdentifier>{67DA6AB6-F800-4c08-8B7A-83BB121AAD01}</UniqueIdentifier>
      <Extensions>rc;ico;cur;bmp;dlg;rc2;rct;bin;rgs;gif;jpg;jpeg;jpe;resx;tiff;tif;png;wav;mfcribbon-ms</Extensions>
    </Filter>
    <Filter Include="Header Files\Engine">
      <UniqueIdentifier>{394bdbac-711c-4c42-81aa-8410276d17b0}</UniqueIdentifier>
    </Filter>
    <Filter Include="Header Files\Game">
      <UniqueIdentifier>{6c6cac4c-10b7-4369-8304-72b14bdd7a51}</UniqueIdentifier>
    </Filter>
    <Filter Include="Header Files\Game\Enemy">
      <UniqueIdentifier>{c5d01586-3363-42b2-9ffd-052349515d28}</UniqueIdentifier>
    </Filter>
    <Filter Include="Source Files\Game">
      <UniqueIdentifier>{35c75de5-e90e-4c88-8abb-e5c5be29281a}</UniqueIdentifier>
    </Filter>
    <Filter Include="Source Files\Engine">
      <UniqueIdentifier>{01016e2b-76e1-4461-97e1-252593fec995}</UniqueIdentifier>
    </Filter>
    <Filter Include="Source Files\Game\Enemy">
      <UniqueIdentifier>{9584a4c2-9060-49e7-b5da-7a5d478345ca}</UniqueIdentifier>
    </Filter>
  </ItemGroup>
  <ItemGroup>
    <ClCompile Include="src\Main.cpp">
      <Filter>Source Files</Filter>
    </ClCompile>
    <ClCompile Include="src\UserInput.cpp">
      <Filter>Source Files</Filter>
    </ClCompile>
    <ClCompile Include="src\game\Enemies\Bat.cpp">
      <Filter>Source Files\Game\Enemy</Filter>
    </ClCompile>
    <ClCompile Include="src\game\enemyManager.cpp">
      <Filter>Source Files\Game\Enemy</Filter>
    </ClCompile>
    <ClCompile Include="src\engine\ContentManager.cpp">
      <Filter>Source Files\Engine</Filter>
    </ClCompile>
    <ClCompile Include="src\engine\engine.cpp">
      <Filter>Source Files\Engine</Filter>
    </ClCompile>
    <ClCompile Include="src\engine\object.cpp">
      <Filter>Source Files\Engine</Filter>
    </ClCompile>
    <ClCompile Include="src\engine\RenderTarget.cpp">
      <Filter>Source Files\Engine</Filter>
    </ClCompile>
    <ClCompile Include="src\game\Enemies\Spikes.cpp">
      <Filter>Source Files\Game\Enemy</Filter>
    </ClCompile>
    <ClCompile Include="src\game\game.cpp">
      <Filter>Source Files\Game</Filter>
    </ClCompile>
    <ClCompile Include="src\game\gameObject.cpp">
      <Filter>Source Files\Game</Filter>
    </ClCompile>
    <ClCompile Include="src\game\map.cpp">
      <Filter>Source Files\Game</Filter>
    </ClCompile>
    <ClCompile Include="src\game\mapChunk.cpp">
      <Filter>Source Files\Game</Filter>
    </ClCompile>
    <ClCompile Include="src\game\player.cpp">
      <Filter>Source Files\Game</Filter>
    </ClCompile>
    <ClCompile Include="src\engine\GBuffer.cpp">
      <Filter>Source Files\Engine</Filter>
    </ClCompile>
    <ClCompile Include="src\game\enemy.cpp">
      <Filter>Source Files\Game\Enemy</Filter>
    </ClCompile>
    <ClCompile Include="src\game\Enemies\Flame.cpp">
      <Filter>Source Files\Game\Enemy</Filter>
    </ClCompile>
    <ClCompile Include="src\game\Shrine.cpp">
      <Filter>Source Files\Game</Filter>
    </ClCompile>
    <ClCompile Include="src\GUI.cpp">
      <Filter>Source Files</Filter>
    </ClCompile>
    <ClCompile Include="src\screenItem.cpp">
      <Filter>Source Files</Filter>
    </ClCompile>
    <ClCompile Include="src\engine\AnimationObject.cpp">
      <Filter>Source Files</Filter>
    </ClCompile>
    <ClCompile Include="src\engine\ObjectManager.cpp">
      <Filter>Source Files</Filter>
    <ClCompile Include="src\game\edit.cpp">
      <Filter>Source Files\Game</Filter>
    </ClCompile>
  </ItemGroup>
  <ItemGroup>
    <ClInclude Include="src\UserInput.h">
      <Filter>Header Files</Filter>
    </ClInclude>
    <ClInclude Include="src\game\Enemies\Bat.h">
      <Filter>Header Files\Game\Enemy</Filter>
    </ClInclude>
    <ClInclude Include="src\game\enemy.h">
      <Filter>Header Files\Game\Enemy</Filter>
    </ClInclude>
    <ClInclude Include="src\game\enemyManager.h">
      <Filter>Header Files\Game\Enemy</Filter>
    </ClInclude>
    <ClInclude Include="src\engine\engine.h">
      <Filter>Header Files\Engine</Filter>
    </ClInclude>
    <ClInclude Include="src\engine\Shader.h">
      <Filter>Header Files\Engine</Filter>
    </ClInclude>
    <ClInclude Include="src\engine\RenderTarget.h">
      <Filter>Header Files\Engine</Filter>
    </ClInclude>
    <ClInclude Include="src\engine\ContentManager.h">
      <Filter>Header Files\Engine</Filter>
    </ClInclude>
    <ClInclude Include="src\engine\object.h">
      <Filter>Header Files\Engine</Filter>
    </ClInclude>
    <ClInclude Include="src\game\game.h">
      <Filter>Header Files\Game</Filter>
    </ClInclude>
    <ClInclude Include="src\game\gameObject.h">
      <Filter>Header Files\Game</Filter>
    </ClInclude>
    <ClInclude Include="src\game\map.h">
      <Filter>Header Files\Game</Filter>
    </ClInclude>
    <ClInclude Include="src\game\mapChunk.h">
      <Filter>Header Files\Game</Filter>
    </ClInclude>
    <ClInclude Include="src\game\player.h">
      <Filter>Header Files\Game</Filter>
    </ClInclude>
    <ClInclude Include="src\game\Enemies\Spikes.h">
      <Filter>Header Files\Game\Enemy</Filter>
    </ClInclude>
    <ClInclude Include="src\game\rect.h">
      <Filter>Header Files\Game</Filter>
    </ClInclude>
    <ClInclude Include="src\engine\GBuffer.h">
      <Filter>Header Files\Engine</Filter>
    </ClInclude>
    <ClInclude Include="src\game\Enemies\Flame.h">
      <Filter>Header Files\Game\Enemy</Filter>
    </ClInclude>
    <ClInclude Include="src\game\Shrine.h">
      <Filter>Header Files\Game</Filter>
    </ClInclude>
    <ClInclude Include="src\screenItem.h">
      <Filter>Header Files</Filter>
    </ClInclude>
    <ClInclude Include="src\GUI.h">
      <Filter>Header Files</Filter>
    </ClInclude>
    <ClInclude Include="src\engine\AnimationObject.h">
      <Filter>Header Files</Filter>
    </ClInclude>
    <ClInclude Include="src\Align16.h">
      <Filter>Header Files</Filter>
    </ClInclude>
    <ClInclude Include="src\engine\ObjectManager.h">
      <Filter>Header Files</Filter>
    <ClInclude Include="src\game\edit.h">
      <Filter>Header Files\Game</Filter>
    </ClInclude>
  </ItemGroup>
</Project>