<?xml version="1.0" encoding="utf-8"?>
<Project ToolsVersion="4.0" xmlns="http://schemas.microsoft.com/developer/msbuild/2003">
  <ItemGroup>
    <ClCompile Include="src\game\edit.cpp" />
    <ClCompile Include="src\Main.cpp" />
    <ClCompile Include="src\engine\AnimationObject.cpp">
      <Filter>Engine\GFX</Filter>
    </ClCompile>
    <ClCompile Include="src\game\Audio.cpp">
      <Filter>Engine\SFX</Filter>
    </ClCompile>
    <ClCompile Include="src\game\AudioObject.cpp">
      <Filter>Engine\SFX</Filter>
    </ClCompile>
    <ClCompile Include="src\engine\ContentManager.cpp">
      <Filter>Engine\GFX</Filter>
    </ClCompile>
    <ClCompile Include="src\game\gameObject.cpp">
      <Filter>Engine\GFX</Filter>
    </ClCompile>
    <ClCompile Include="src\engine\GBuffer.cpp">
      <Filter>Engine\GFX</Filter>
    </ClCompile>
    <ClCompile Include="src\engine\RenderTarget.cpp">
      <Filter>Engine\GFX</Filter>
    </ClCompile>
    <ClCompile Include="src\engine\engine.cpp">
      <Filter>Engine</Filter>
    </ClCompile>
    <ClCompile Include="src\game\Enemies\Bat.cpp">
      <Filter>Game\Enemy</Filter>
    </ClCompile>
    <ClCompile Include="src\game\Enemies\Bossbat.cpp">
      <Filter>Game\Enemy</Filter>
    </ClCompile>
    <ClCompile Include="src\game\Enemies\Cube.cpp">
      <Filter>Game\Enemy</Filter>
    </ClCompile>
    <ClCompile Include="src\game\enemy.cpp">
      <Filter>Game\Enemy</Filter>
    </ClCompile>
    <ClCompile Include="src\game\enemyManager.cpp">
      <Filter>Game\Enemy</Filter>
    </ClCompile>
    <ClCompile Include="src\game\Enemies\Flame.cpp">
      <Filter>Game\Enemy</Filter>
    </ClCompile>
    <ClCompile Include="src\game\Enemies\Ghost.cpp">
      <Filter>Game\Enemy</Filter>
    </ClCompile>
    <ClCompile Include="src\game\Enemies\Spider.cpp">
      <Filter>Game\Enemy</Filter>
    </ClCompile>
    <ClCompile Include="src\game\Enemies\Spikes.cpp">
      <Filter>Game\Enemy</Filter>
    </ClCompile>
    <ClCompile Include="src\game\Web.cpp">
      <Filter>Game\Enemy</Filter>
    </ClCompile>
    <ClCompile Include="src\game\BaseEffect.cpp">
      <Filter>Game\Effects</Filter>
    </ClCompile>
    <ClCompile Include="src\game\Effect.cpp">
      <Filter>Game\Effects</Filter>
    </ClCompile>
    <ClCompile Include="src\game\Shiled.cpp">
      <Filter>Game\Effects</Filter>
    </ClCompile>
    <ClCompile Include="src\game\spark.cpp">
      <Filter>Game\Effects</Filter>
    </ClCompile>
    <ClCompile Include="src\game\Torch.cpp">
      <Filter>Game\Effects</Filter>
    </ClCompile>
    <ClCompile Include="src\engine\ObjectManager.cpp">
      <Filter>Engine\GFX</Filter>
    </ClCompile>
    <ClCompile Include="src\engine\object.cpp">
      <Filter>Engine\GFX</Filter>
    </ClCompile>
    <ClCompile Include="src\game\mapChunk.cpp">
      <Filter>Game\Map</Filter>
    </ClCompile>
    <ClCompile Include="src\game\map.cpp">
      <Filter>Game\Map</Filter>
    </ClCompile>
    <ClCompile Include="src\game\game.cpp">
      <Filter>Game</Filter>
    </ClCompile>
    <ClCompile Include="src\game\HealthPickup.cpp">
      <Filter>Game\Misc</Filter>
    </ClCompile>
    <ClCompile Include="src\game\Shrine.cpp">
      <Filter>Game\Map</Filter>
    </ClCompile>
    <ClCompile Include="src\GUI.cpp">
      <Filter>GUI</Filter>
    </ClCompile>
    <ClCompile Include="src\screenItem.cpp">
      <Filter>GUI</Filter>
    </ClCompile>
    <ClCompile Include="src\game\player.cpp">
      <Filter>Game</Filter>
    </ClCompile>
    <ClCompile Include="src\UserInput.cpp">
      <Filter>Game</Filter>
    </ClCompile>
  </ItemGroup>
  <ItemGroup>
    <ClInclude Include="src\Align16.h" />
    <ClInclude Include="src\game\edit.h" />
    <ClInclude Include="src\legend.h" />
    <ClInclude Include="src\engine\AnimationObject.h">
      <Filter>Engine\GFX</Filter>
    </ClInclude>
    <ClInclude Include="src\game\Audio.h">
      <Filter>Engine\SFX</Filter>
    </ClInclude>
    <ClInclude Include="src\game\AudioObject.h">
      <Filter>Engine\SFX</Filter>
    </ClInclude>
    <ClInclude Include="src\contentItem.h">
      <Filter>Engine\GFX</Filter>
    </ClInclude>
    <ClInclude Include="src\engine\ContentManager.h">
      <Filter>Engine\GFX</Filter>
    </ClInclude>
    <ClInclude Include="src\game\gameObject.h">
      <Filter>Engine\GFX</Filter>
    </ClInclude>
    <ClInclude Include="src\engine\GBuffer.h">
      <Filter>Engine\GFX</Filter>
    </ClInclude>
    <ClInclude Include="src\engine\RenderTarget.h">
      <Filter>Engine\GFX</Filter>
    </ClInclude>
    <ClInclude Include="src\engine\Shader.h">
      <Filter>Engine\GFX</Filter>
    </ClInclude>
    <ClInclude Include="src\engine\engine.h">
      <Filter>Engine</Filter>
    </ClInclude>
    <ClInclude Include="src\game\Enemies\Bat.h">
      <Filter>Game\Enemy</Filter>
    </ClInclude>
    <ClInclude Include="src\game\Enemies\Bossbat.h">
      <Filter>Game\Enemy</Filter>
    </ClInclude>
    <ClInclude Include="src\game\Enemies\Bossdummy.h">
      <Filter>Game\Enemy</Filter>
    </ClInclude>
    <ClInclude Include="src\game\Enemies\Cube.h">
      <Filter>Game\Enemy</Filter>
    </ClInclude>
    <ClInclude Include="src\game\enemy.h">
      <Filter>Game\Enemy</Filter>
    </ClInclude>
    <ClInclude Include="src\game\enemyManager.h">
      <Filter>Game\Enemy</Filter>
    </ClInclude>
    <ClInclude Include="src\game\Enemies\Flame.h">
      <Filter>Game\Enemy</Filter>
    </ClInclude>
    <ClInclude Include="src\game\Enemies\Ghost.h">
      <Filter>Game\Enemy</Filter>
    </ClInclude>
    <ClInclude Include="src\game\Enemies\Spider.h">
      <Filter>Game\Enemy</Filter>
    </ClInclude>
    <ClInclude Include="src\game\Enemies\Spikes.h">
      <Filter>Game\Enemy</Filter>
    </ClInclude>
    <ClInclude Include="src\game\Web.h">
      <Filter>Game\Enemy</Filter>
    </ClInclude>
    <ClInclude Include="src\game\BaseEffect.h">
      <Filter>Game\Effects</Filter>
    </ClInclude>
    <ClInclude Include="src\game\Effect.h">
      <Filter>Game\Effects</Filter>
    </ClInclude>
    <ClInclude Include="src\game\Shield.h">
      <Filter>Game\Effects</Filter>
    </ClInclude>
    <ClInclude Include="src\game\Spark.h">
      <Filter>Game\Effects</Filter>
    </ClInclude>
    <ClInclude Include="src\game\Torch.h">
      <Filter>Game\Effects</Filter>
    </ClInclude>
    <ClInclude Include="src\GameSettings.h">
      <Filter>Game</Filter>
    </ClInclude>
    <ClInclude Include="src\engine\ObjectManager.h">
      <Filter>Engine\GFX</Filter>
    </ClInclude>
    <ClInclude Include="src\engine\object.h">
      <Filter>Engine\GFX</Filter>
    </ClInclude>
    <ClInclude Include="src\game\mapChunk.h">
      <Filter>Game\Map</Filter>
    </ClInclude>
    <ClInclude Include="src\game\map.h">
      <Filter>Game\Map</Filter>
    </ClInclude>
    <ClInclude Include="src\game\game.h">
      <Filter>Game</Filter>
    </ClInclude>
    <ClInclude Include="src\game\HealthPickup.h">
      <Filter>Game\Misc</Filter>
    </ClInclude>
    <ClInclude Include="src\game\Shrine.h">
      <Filter>Game\Map</Filter>
    </ClInclude>
    <ClInclude Include="src\game\Light.h">
      <Filter>Game\Effects</Filter>
    </ClInclude>
    <ClInclude Include="src\GUI.h">
      <Filter>GUI</Filter>
    </ClInclude>
    <ClInclude Include="src\screenItem.h">
      <Filter>GUI</Filter>
    </ClInclude>
    <ClInclude Include="src\game\rect.h">
      <Filter>Game</Filter>
    </ClInclude>
    <ClInclude Include="src\game\player.h">
      <Filter>Game</Filter>
    </ClInclude>
    <ClInclude Include="src\game\Progress.h">
      <Filter>Game</Filter>
    </ClInclude>
    <ClInclude Include="src\UserInput.h">
      <Filter>Game</Filter>
    </ClInclude>
  </ItemGroup>
  <ItemGroup>
    <Filter Include="Engine">
      <UniqueIdentifier>{9cfa9eba-3c35-4d50-9752-03b179939f98}</UniqueIdentifier>
    </Filter>
    <Filter Include="Engine\GFX">
      <UniqueIdentifier>{722e80a6-701b-4e34-a406-047d847de052}</UniqueIdentifier>
    </Filter>
    <Filter Include="Engine\SFX">
      <UniqueIdentifier>{24fc1ccb-c1ad-4dfc-b617-d60548033158}</UniqueIdentifier>
    </Filter>
    <Filter Include="Game">
      <UniqueIdentifier>{30f4dabc-4faa-43ef-ba3e-e16b47cefa52}</UniqueIdentifier>
    </Filter>
    <Filter Include="Game\Enemy">
      <UniqueIdentifier>{015835aa-ef0e-41c5-a496-6773c4e976d6}</UniqueIdentifier>
    </Filter>
    <Filter Include="Game\Effects">
      <UniqueIdentifier>{11de5968-4dc6-4a31-b1a8-575207dd7a91}</UniqueIdentifier>
    </Filter>
    <Filter Include="Game\Map">
      <UniqueIdentifier>{a9af323f-f88c-40dd-bb7c-ce4cd698e7f5}</UniqueIdentifier>
    </Filter>
    <Filter Include="GUI">
      <UniqueIdentifier>{8fcb091d-4c83-44b1-b80a-34c6ee94ff1b}</UniqueIdentifier>
    </Filter>
    <Filter Include="Game\Misc">
      <UniqueIdentifier>{07e326aa-ec12-4b41-b125-a3540ce4cb90}</UniqueIdentifier>
    </Filter>
  </ItemGroup>
</Project>